
Microsoft Visual Studio Solution File, Format Version 12.00
# Visual Studio Version 16
VisualStudioVersion = 16.0.29411.108
MinimumVisualStudioVersion = 10.0.40219.1
Project("{8BC9CEB8-8B4A-11D0-8D11-00A0C91BC942}") = "NambonaTetris", "NambonaTetris\NambonaTetris.vcxproj", "{0BC03038-9C2B-4E26-BB72-A787AD84DBEA}"
EndProject
Global
	GlobalSection(SolutionConfigurationPlatforms) = preSolution
		Debug|x64 = Debug|x64
		Debug|x86 = Debug|x86
		Release|x64 = Release|x64
		Release|x86 = Release|x86
	EndGlobalSection
	GlobalSection(ProjectConfigurationPlatforms) = postSolution
		{0BC03038-9C2B-4E26-BB72-A787AD84DBEA}.Debug|x64.ActiveCfg = Debug|x64
		{0BC03038-9C2B-4E26-BB72-A787AD84DBEA}.Debug|x64.Build.0 = Debug|x64
		{0BC03038-9C2B-4E26-BB72-A787AD84DBEA}.Debug|x86.ActiveCfg = Debug|Win32
		{0BC03038-9C2B-4E26-BB72-A787AD84DBEA}.Debug|x86.Build.0 = Debug|Win32
		{0BC03038-9C2B-4E26-BB72-A787AD84DBEA}.Release|x64.ActiveCfg = Release|x64
		{0BC03038-9C2B-4E26-BB72-A787AD84DBEA}.Release|x64.Build.0 = Release|x64
		{0BC03038-9C2B-4E26-BB72-A787AD84DBEA}.Release|x86.ActiveCfg = Release|Win32
		{0BC03038-9C2B-4E26-BB72-A787AD84DBEA}.Release|x86.Build.0 = Release|Win32
	EndGlobalSection
	GlobalSection(SolutionProperties) = preSolution
		HideSolutionNode = FALSE
	EndGlobalSection
	GlobalSection(ExtensibilityGlobals) = postSolution
		SolutionGuid = {F6614D79-D8F6-4AFC-B38B-B9DA4E04B64D}
	EndGlobalSection
EndGlobal
